
Microsoft Visual Studio Solution File, Format Version 12.00
# Visual Studio 15
VisualStudioVersion = 15.0.27130.2027
MinimumVisualStudioVersion = 10.0.40219.1
Project("{2150E333-8FDC-42A3-9474-1A3956D46DE8}") = "docs", "docs", "{441776CA-10A6-468F-A91A-BAC8C33F8B30}"
	ProjectSection(SolutionItems) = preProject
		CHANGELOG.md = CHANGELOG.md
		clipr.nuspec = clipr.nuspec
		migration-to-2.0.md = migration-to-2.0.md
		Notes.md = Notes.md
		README.md = README.md
	EndProjectSection
EndProject
Project("{9A19103F-16F7-4668-BE54-9A1E7A4F7556}") = "clipr", "src\clipr\clipr.csproj", "{5B56C459-E807-4A0F-8499-7BF82D50AF38}"
EndProject
Project("{9A19103F-16F7-4668-BE54-9A1E7A4F7556}") = "clipr.UnitTests", "src\clipr.UnitTests\clipr.UnitTests.csproj", "{8996DA65-7A38-449C-A8A5-B8DC0510ED76}"
EndProject
Project("{9A19103F-16F7-4668-BE54-9A1E7A4F7556}") = "clipr.Sample", "src\clipr.Sample\clipr.Sample.csproj", "{68F2DE76-31F6-4FA6-B30B-BD4DE49A411C}"
EndProject
Project("{FAE04EC0-301F-11D3-BF4B-00C04F79EFBC}") = "clipr.Analyzers", "src\clipr.Analyzers\clipr.Analyzers.csproj", "{230037A0-2291-4123-99AA-DD12612C4997}"
EndProject
Project("{FAE04EC0-301F-11D3-BF4B-00C04F79EFBC}") = "clipr.Analyzers.UnitTests", "src\clipr.Analyzers.UnitTests\clipr.Analyzers.UnitTests.csproj", "{F8A73F53-DAE7-491C-A9BC-847E8C7C3F30}"
EndProject
Global
	GlobalSection(SolutionConfigurationPlatforms) = preSolution
		Debug|Any CPU = Debug|Any CPU
		Release|Any CPU = Release|Any CPU
	EndGlobalSection
	GlobalSection(ProjectConfigurationPlatforms) = postSolution
		{5B56C459-E807-4A0F-8499-7BF82D50AF38}.Debug|Any CPU.ActiveCfg = Debug|Any CPU
		{5B56C459-E807-4A0F-8499-7BF82D50AF38}.Debug|Any CPU.Build.0 = Debug|Any CPU
		{5B56C459-E807-4A0F-8499-7BF82D50AF38}.Release|Any CPU.ActiveCfg = Release|Any CPU
		{5B56C459-E807-4A0F-8499-7BF82D50AF38}.Release|Any CPU.Build.0 = Release|Any CPU
		{8996DA65-7A38-449C-A8A5-B8DC0510ED76}.Debug|Any CPU.ActiveCfg = Debug|Any CPU
		{8996DA65-7A38-449C-A8A5-B8DC0510ED76}.Debug|Any CPU.Build.0 = Debug|Any CPU
		{8996DA65-7A38-449C-A8A5-B8DC0510ED76}.Release|Any CPU.ActiveCfg = Release|Any CPU
		{8996DA65-7A38-449C-A8A5-B8DC0510ED76}.Release|Any CPU.Build.0 = Release|Any CPU
		{68F2DE76-31F6-4FA6-B30B-BD4DE49A411C}.Debug|Any CPU.ActiveCfg = Debug|Any CPU
		{68F2DE76-31F6-4FA6-B30B-BD4DE49A411C}.Debug|Any CPU.Build.0 = Debug|Any CPU
		{68F2DE76-31F6-4FA6-B30B-BD4DE49A411C}.Release|Any CPU.ActiveCfg = Release|Any CPU
		{68F2DE76-31F6-4FA6-B30B-BD4DE49A411C}.Release|Any CPU.Build.0 = Release|Any CPU
		{230037A0-2291-4123-99AA-DD12612C4997}.Debug|Any CPU.ActiveCfg = Debug|Any CPU
		{230037A0-2291-4123-99AA-DD12612C4997}.Debug|Any CPU.Build.0 = Debug|Any CPU
		{230037A0-2291-4123-99AA-DD12612C4997}.Release|Any CPU.ActiveCfg = Release|Any CPU
		{230037A0-2291-4123-99AA-DD12612C4997}.Release|Any CPU.Build.0 = Release|Any CPU
		{F8A73F53-DAE7-491C-A9BC-847E8C7C3F30}.Debug|Any CPU.ActiveCfg = Debug|Any CPU
		{F8A73F53-DAE7-491C-A9BC-847E8C7C3F30}.Debug|Any CPU.Build.0 = Debug|Any CPU
		{F8A73F53-DAE7-491C-A9BC-847E8C7C3F30}.Release|Any CPU.ActiveCfg = Release|Any CPU
		{F8A73F53-DAE7-491C-A9BC-847E8C7C3F30}.Release|Any CPU.Build.0 = Release|Any CPU
	EndGlobalSection
	GlobalSection(SolutionProperties) = preSolution
		HideSolutionNode = FALSE
	EndGlobalSection
	GlobalSection(ExtensibilityGlobals) = postSolution
		SolutionGuid = {AF430CE8-66C5-454C-8D81-D5C3727C44A5}
	EndGlobalSection
	GlobalSection(MonoDevelopProperties) = preSolution
		StartupItem = src\clipr.Sample\clipr.Sample.csproj
	EndGlobalSection
EndGlobal
